
Microsoft Visual Studio Solution File, Format Version 12.00
# Visual Studio Version 17
VisualStudioVersion = 17.11.35208.52
MinimumVisualStudioVersion = 10.0.40219.1
Project("{FAE04EC0-301F-11D3-BF4B-00C04F79EFBC}") = "x-IMU3-Examples", "x-IMU3-Examples.csproj", "{F399DE1D-2E16-4A4A-9A51-1FCFFEBF61E3}"
EndProject
Project("{9A19103F-16F7-4668-BE54-9A1E7A4F7556}") = "x-IMU3", "..\..\..\x-IMU3-API\CSharp\x-IMU3\x-IMU3.csproj", "{B824D82D-0533-4EA2-954F-8C4E2C3CCFD0}"
EndProject
Global
	GlobalSection(SolutionConfigurationPlatforms) = preSolution
		Debug|Any CPU = Debug|Any CPU
		Release|Any CPU = Release|Any CPU
	EndGlobalSection
	GlobalSection(ProjectConfigurationPlatforms) = postSolution
		{F399DE1D-2E16-4A4A-9A51-1FCFFEBF61E3}.Debug|Any CPU.ActiveCfg = Debug|Any CPU
		{F399DE1D-2E16-4A4A-9A51-1FCFFEBF61E3}.Debug|Any CPU.Build.0 = Debug|Any CPU
		{F399DE1D-2E16-4A4A-9A51-1FCFFEBF61E3}.Release|Any CPU.ActiveCfg = Release|Any CPU
		{F399DE1D-2E16-4A4A-9A51-1FCFFEBF61E3}.Release|Any CPU.Build.0 = Release|Any CPU
		{B824D82D-0533-4EA2-954F-8C4E2C3CCFD0}.Debug|Any CPU.ActiveCfg = Debug|Any CPU
		{B824D82D-0533-4EA2-954F-8C4E2C3CCFD0}.Debug|Any CPU.Build.0 = Debug|Any CPU
		{B824D82D-0533-4EA2-954F-8C4E2C3CCFD0}.Release|Any CPU.ActiveCfg = Release|Any CPU
		{B824D82D-0533-4EA2-954F-8C4E2C3CCFD0}.Release|Any CPU.Build.0 = Release|Any CPU
	EndGlobalSection
	GlobalSection(SolutionProperties) = preSolution
		HideSolutionNode = FALSE
	EndGlobalSection
	GlobalSection(ExtensibilityGlobals) = postSolution
		SolutionGuid = {EA834FE5-689F-48BF-BC91-520AB2B8AF36}
	EndGlobalSection
EndGlobal
